// !$*UTF8*$!
{
	archiveVersion = 1;
	classes = {
	};
	objectVersion = 50;
	objects = {

/* Begin PBXBuildFile section */
		8F671FDA26AD46070025AFCF /* InputParameters.swift in Sources */ = {isa = PBXBuildFile; fileRef = 8F671FD926AD46070025AFCF /* InputParameters.swift */; };
		8F79D58D26AAA58D00004086 /* AppDelegate.swift in Sources */ = {isa = PBXBuildFile; fileRef = 8F79D58C26AAA58D00004086 /* AppDelegate.swift */; };
		8F79D59126AAA58D00004086 /* PreviewViewController.swift in Sources */ = {isa = PBXBuildFile; fileRef = 8F79D59026AAA58D00004086 /* PreviewViewController.swift */; };
		8F79D59626AAA58E00004086 /* Assets.xcassets in Resources */ = {isa = PBXBuildFile; fileRef = 8F79D59526AAA58E00004086 /* Assets.xcassets */; };
		8F79D59926AAA58E00004086 /* LaunchScreen.storyboard in Resources */ = {isa = PBXBuildFile; fileRef = 8F79D59726AAA58E00004086 /* LaunchScreen.storyboard */; };
		8F79D5A126AAA78B00004086 /* SettingViewController.swift in Sources */ = {isa = PBXBuildFile; fileRef = 8F79D5A026AAA78B00004086 /* SettingViewController.swift */; };
		8F79D5A326AAA7C600004086 /* Router.swift in Sources */ = {isa = PBXBuildFile; fileRef = 8F79D5A226AAA7C600004086 /* Router.swift */; };
		8F79D5A526AAAED700004086 /* ObjectConstraint.swift in Sources */ = {isa = PBXBuildFile; fileRef = 8F79D5A426AAAED700004086 /* ObjectConstraint.swift */; };
		8F79D5A726AABA6F00004086 /* TextFieldExtention.swift in Sources */ = {isa = PBXBuildFile; fileRef = 8F79D5A626AABA6F00004086 /* TextFieldExtention.swift */; };
		8F79D5A926AAC24900004086 /* TextFieldTitle.swift in Sources */ = {isa = PBXBuildFile; fileRef = 8F79D5A826AAC24900004086 /* TextFieldTitle.swift */; };
		8F79D5B726AC2DEC00004086 /* Presenter.swift in Sources */ = {isa = PBXBuildFile; fileRef = 8F79D5B626AC2DEC00004086 /* Presenter.swift */; };
/* End PBXBuildFile section */

/* Begin PBXFileReference section */
		8F671FD926AD46070025AFCF /* InputParameters.swift */ = {isa = PBXFileReference; lastKnownFileType = sourcecode.swift; path = InputParameters.swift; sourceTree = "<group>"; };
		8F79D58926AAA58D00004086 /* SampleCodeLayout.app */ = {isa = PBXFileReference; explicitFileType = wrapper.application; includeInIndex = 0; path = SampleCodeLayout.app; sourceTree = BUILT_PRODUCTS_DIR; };
		8F79D58C26AAA58D00004086 /* AppDelegate.swift */ = {isa = PBXFileReference; lastKnownFileType = sourcecode.swift; path = AppDelegate.swift; sourceTree = "<group>"; };
		8F79D59026AAA58D00004086 /* PreviewViewController.swift */ = {isa = PBXFileReference; lastKnownFileType = sourcecode.swift; path = PreviewViewController.swift; sourceTree = "<group>"; };
		8F79D59526AAA58E00004086 /* Assets.xcassets */ = {isa = PBXFileReference; lastKnownFileType = folder.assetcatalog; path = Assets.xcassets; sourceTree = "<group>"; };
		8F79D59826AAA58E00004086 /* Base */ = {isa = PBXFileReference; lastKnownFileType = file.storyboard; name = Base; path = Base.lproj/LaunchScreen.storyboard; sourceTree = "<group>"; };
		8F79D59A26AAA58E00004086 /* Info.plist */ = {isa = PBXFileReference; lastKnownFileType = text.plist.xml; path = Info.plist; sourceTree = "<group>"; };
		8F79D5A026AAA78B00004086 /* SettingViewController.swift */ = {isa = PBXFileReference; lastKnownFileType = sourcecode.swift; path = SettingViewController.swift; sourceTree = "<group>"; };
		8F79D5A226AAA7C600004086 /* Router.swift */ = {isa = PBXFileReference; lastKnownFileType = sourcecode.swift; path = Router.swift; sourceTree = "<group>"; };
		8F79D5A426AAAED700004086 /* ObjectConstraint.swift */ = {isa = PBXFileReference; lastKnownFileType = sourcecode.swift; path = ObjectConstraint.swift; sourceTree = "<group>"; };
		8F79D5A626AABA6F00004086 /* TextFieldExtention.swift */ = {isa = PBXFileReference; lastKnownFileType = sourcecode.swift; path = TextFieldExtention.swift; sourceTree = "<group>"; };
		8F79D5A826AAC24900004086 /* TextFieldTitle.swift */ = {isa = PBXFileReference; lastKnownFileType = sourcecode.swift; path = TextFieldTitle.swift; sourceTree = "<group>"; };
		8F79D5B626AC2DEC00004086 /* Presenter.swift */ = {isa = PBXFileReference; lastKnownFileType = sourcecode.swift; path = Presenter.swift; sourceTree = "<group>"; };
/* End PBXFileReference section */

/* Begin PBXFrameworksBuildPhase section */
		8F79D58626AAA58D00004086 /* Frameworks */ = {
			isa = PBXFrameworksBuildPhase;
			buildActionMask = 2147483647;
			files = (
			);
			runOnlyForDeploymentPostprocessing = 0;
		};
/* End PBXFrameworksBuildPhase section */

/* Begin PBXGroup section */
		8F79D58026AAA58D00004086 = {
			isa = PBXGroup;
			children = (
				8F79D58B26AAA58D00004086 /* SampleCodeLayout */,
				8F79D58A26AAA58D00004086 /* Products */,
			);
			sourceTree = "<group>";
		};
		8F79D58A26AAA58D00004086 /* Products */ = {
			isa = PBXGroup;
			children = (
				8F79D58926AAA58D00004086 /* SampleCodeLayout.app */,
			);
			name = Products;
			sourceTree = "<group>";
		};
		8F79D58B26AAA58D00004086 /* SampleCodeLayout */ = {
			isa = PBXGroup;
			children = (
				8F79D58C26AAA58D00004086 /* AppDelegate.swift */,
				8F79D5A226AAA7C600004086 /* Router.swift */,
				8F79D5AB26AAC4D600004086 /* Models */,
				8F79D5AD26AAC4F700004086 /* ViewControllers */,
				8F79D5B526AC2DCC00004086 /* Presenter */,
				8F79D5AE26AAC51900004086 /* Extensions */,
				8F79D59726AAA58E00004086 /* LaunchScreen.storyboard */,
				8F79D59526AAA58E00004086 /* Assets.xcassets */,
				8F79D59A26AAA58E00004086 /* Info.plist */,
			);
			path = SampleCodeLayout;
			sourceTree = "<group>";
		};
		8F79D5AB26AAC4D600004086 /* Models */ = {
			isa = PBXGroup;
			children = (
				8F671FD926AD46070025AFCF /* InputParameters.swift */,
				8F79D5A826AAC24900004086 /* TextFieldTitle.swift */,
				8F79D5A426AAAED700004086 /* ObjectConstraint.swift */,
			);
			path = Models;
			sourceTree = "<group>";
		};
		8F79D5AD26AAC4F700004086 /* ViewControllers */ = {
			isa = PBXGroup;
			children = (
				8F79D59026AAA58D00004086 /* PreviewViewController.swift */,
				8F79D5A026AAA78B00004086 /* SettingViewController.swift */,
			);
			path = ViewControllers;
			sourceTree = "<group>";
		};
		8F79D5AE26AAC51900004086 /* Extensions */ = {
			isa = PBXGroup;
			children = (
				8F79D5A626AABA6F00004086 /* TextFieldExtention.swift */,
			);
			path = Extensions;
			sourceTree = "<group>";
		};
		8F79D5B526AC2DCC00004086 /* Presenter */ = {
			isa = PBXGroup;
			children = (
				8F79D5B626AC2DEC00004086 /* Presenter.swift */,
			);
			path = Presenter;
			sourceTree = "<group>";
		};
/* End PBXGroup section */

/* Begin PBXNativeTarget section */
		8F79D58826AAA58D00004086 /* SampleCodeLayout */ = {
			isa = PBXNativeTarget;
			buildConfigurationList = 8F79D59D26AAA58E00004086 /* Build configuration list for PBXNativeTarget "SampleCodeLayout" */;
			buildPhases = (
				8F79D58526AAA58D00004086 /* Sources */,
				8F79D58626AAA58D00004086 /* Frameworks */,
				8F79D58726AAA58D00004086 /* Resources */,
			);
			buildRules = (
			);
			dependencies = (
			);
			name = SampleCodeLayout;
			productName = SampleCodeLayout;
			productReference = 8F79D58926AAA58D00004086 /* SampleCodeLayout.app */;
			productType = "com.apple.product-type.application";
		};
/* End PBXNativeTarget section */

/* Begin PBXProject section */
		8F79D58126AAA58D00004086 /* Project object */ = {
			isa = PBXProject;
			attributes = {
				LastSwiftUpdateCheck = 1250;
				LastUpgradeCheck = 1250;
				TargetAttributes = {
					8F79D58826AAA58D00004086 = {
						CreatedOnToolsVersion = 12.5.1;
					};
				};
			};
			buildConfigurationList = 8F79D58426AAA58D00004086 /* Build configuration list for PBXProject "SampleCodeLayout" */;
			compatibilityVersion = "Xcode 9.3";
			developmentRegion = en;
			hasScannedForEncodings = 0;
			knownRegions = (
				en,
				Base,
			);
			mainGroup = 8F79D58026AAA58D00004086;
			productRefGroup = 8F79D58A26AAA58D00004086 /* Products */;
			projectDirPath = "";
			projectRoot = "";
			targets = (
				8F79D58826AAA58D00004086 /* SampleCodeLayout */,
			);
		};
/* End PBXProject section */

/* Begin PBXResourcesBuildPhase section */
		8F79D58726AAA58D00004086 /* Resources */ = {
			isa = PBXResourcesBuildPhase;
			buildActionMask = 2147483647;
			files = (
				8F79D59926AAA58E00004086 /* LaunchScreen.storyboard in Resources */,
				8F79D59626AAA58E00004086 /* Assets.xcassets in Resources */,
			);
			runOnlyForDeploymentPostprocessing = 0;
		};
/* End PBXResourcesBuildPhase section */

/* Begin PBXSourcesBuildPhase section */
		8F79D58526AAA58D00004086 /* Sources */ = {
			isa = PBXSourcesBuildPhase;
			buildActionMask = 2147483647;
			files = (
				8F79D5B726AC2DEC00004086 /* Presenter.swift in Sources */,
				8F79D5A326AAA7C600004086 /* Router.swift in Sources */,
				8F671FDA26AD46070025AFCF /* InputParameters.swift in Sources */,
				8F79D59126AAA58D00004086 /* PreviewViewController.swift in Sources */,
				8F79D5A726AABA6F00004086 /* TextFieldExtention.swift in Sources */,
				8F79D58D26AAA58D00004086 /* AppDelegate.swift in Sources */,
				8F79D5A126AAA78B00004086 /* SettingViewController.swift in Sources */,
				8F79D5A926AAC24900004086 /* TextFieldTitle.swift in Sources */,
				8F79D5A526AAAED700004086 /* ObjectConstraint.swift in Sources */,
			);
			runOnlyForDeploymentPostprocessing = 0;
		};
/* End PBXSourcesBuildPhase section */

/* Begin PBXVariantGroup section */
		8F79D59726AAA58E00004086 /* LaunchScreen.storyboard */ = {
			isa = PBXVariantGroup;
			children = (
				8F79D59826AAA58E00004086 /* Base */,
			);
			name = LaunchScreen.storyboard;
			sourceTree = "<group>";
		};
/* End PBXVariantGroup section */

/* Begin XCBuildConfiguration section */
		8F79D59B26AAA58E00004086 /* Debug */ = {
			isa = XCBuildConfiguration;
			buildSettings = {
				ALWAYS_SEARCH_USER_PATHS = NO;
				CLANG_ANALYZER_NONNULL = YES;
				CLANG_ANALYZER_NUMBER_OBJECT_CONVERSION = YES_AGGRESSIVE;
				CLANG_CXX_LANGUAGE_STANDARD = "gnu++14";
				CLANG_CXX_LIBRARY = "libc++";
				CLANG_ENABLE_MODULES = YES;
				CLANG_ENABLE_OBJC_ARC = YES;
				CLANG_ENABLE_OBJC_WEAK = YES;
				CLANG_WARN_BLOCK_CAPTURE_AUTORELEASING = YES;
				CLANG_WARN_BOOL_CONVERSION = YES;
				CLANG_WARN_COMMA = YES;
				CLANG_WARN_CONSTANT_CONVERSION = YES;
				CLANG_WARN_DEPRECATED_OBJC_IMPLEMENTATIONS = YES;
				CLANG_WARN_DIRECT_OBJC_ISA_USAGE = YES_ERROR;
				CLANG_WARN_DOCUMENTATION_COMMENTS = YES;
				CLANG_WARN_EMPTY_BODY = YES;
				CLANG_WARN_ENUM_CONVERSION = YES;
				CLANG_WARN_INFINITE_RECURSION = YES;
				CLANG_WARN_INT_CONVERSION = YES;
				CLANG_WARN_NON_LITERAL_NULL_CONVERSION = YES;
				CLANG_WARN_OBJC_IMPLICIT_RETAIN_SELF = YES;
				CLANG_WARN_OBJC_LITERAL_CONVERSION = YES;
				CLANG_WARN_OBJC_ROOT_CLASS = YES_ERROR;
				CLANG_WARN_QUOTED_INCLUDE_IN_FRAMEWORK_HEADER = YES;
				CLANG_WARN_RANGE_LOOP_ANALYSIS = YES;
				CLANG_WARN_STRICT_PROTOTYPES = YES;
				CLANG_WARN_SUSPICIOUS_MOVE = YES;
				CLANG_WARN_UNGUARDED_AVAILABILITY = YES_AGGRESSIVE;
				CLANG_WARN_UNREACHABLE_CODE = YES;
				CLANG_WARN__DUPLICATE_METHOD_MATCH = YES;
				COPY_PHASE_STRIP = NO;
				DEBUG_INFORMATION_FORMAT = dwarf;
				ENABLE_STRICT_OBJC_MSGSEND = YES;
				ENABLE_TESTABILITY = YES;
				GCC_C_LANGUAGE_STANDARD = gnu11;
				GCC_DYNAMIC_NO_PIC = NO;
				GCC_NO_COMMON_BLOCKS = YES;
				GCC_OPTIMIZATION_LEVEL = 0;
				GCC_PREPROCESSOR_DEFINITIONS = (
					"DEBUG=1",
					"$(inherited)",
				);
				GCC_WARN_64_TO_32_BIT_CONVERSION = YES;
				GCC_WARN_ABOUT_RETURN_TYPE = YES_ERROR;
				GCC_WARN_UNDECLARED_SELECTOR = YES;
				GCC_WARN_UNINITIALIZED_AUTOS = YES_AGGRESSIVE;
				GCC_WARN_UNUSED_FUNCTION = YES;
				GCC_WARN_UNUSED_VARIABLE = YES;
				IPHONEOS_DEPLOYMENT_TARGET = 13.0;
				MTL_ENABLE_DEBUG_INFO = INCLUDE_SOURCE;
				MTL_FAST_MATH = YES;
				ONLY_ACTIVE_ARCH = YES;
				SDKROOT = iphoneos;
				SWIFT_ACTIVE_COMPILATION_CONDITIONS = DEBUG;
				SWIFT_OPTIMIZATION_LEVEL = "-Onone";
			};
			name = Debug;
		};
		8F79D59C26AAA58E00004086 /* Release */ = {
			isa = XCBuildConfiguration;
			buildSettings = {
				ALWAYS_SEARCH_USER_PATHS = NO;
				CLANG_ANALYZER_NONNULL = YES;
				CLANG_ANALYZER_NUMBER_OBJECT_CONVERSION = YES_AGGRESSIVE;
				CLANG_CXX_LANGUAGE_STANDARD = "gnu++14";
				CLANG_CXX_LIBRARY = "libc++";
				CLANG_ENABLE_MODULES = YES;
				CLANG_ENABLE_OBJC_ARC = YES;
				CLANG_ENABLE_OBJC_WEAK = YES;
				CLANG_WARN_BLOCK_CAPTURE_AUTORELEASING = YES;
				CLANG_WARN_BOOL_CONVERSION = YES;
				CLANG_WARN_COMMA = YES;
				CLANG_WARN_CONSTANT_CONVERSION = YES;
				CLANG_WARN_DEPRECATED_OBJC_IMPLEMENTATIONS = YES;
				CLANG_WARN_DIRECT_OBJC_ISA_USAGE = YES_ERROR;
				CLANG_WARN_DOCUMENTATION_COMMENTS = YES;
				CLANG_WARN_EMPTY_BODY = YES;
				CLANG_WARN_ENUM_CONVERSION = YES;
				CLANG_WARN_INFINITE_RECURSION = YES;
				CLANG_WARN_INT_CONVERSION = YES;
				CLANG_WARN_NON_LITERAL_NULL_CONVERSION = YES;
				CLANG_WARN_OBJC_IMPLICIT_RETAIN_SELF = YES;
				CLANG_WARN_OBJC_LITERAL_CONVERSION = YES;
				CLANG_WARN_OBJC_ROOT_CLASS = YES_ERROR;
				CLANG_WARN_QUOTED_INCLUDE_IN_FRAMEWORK_HEADER = YES;
				CLANG_WARN_RANGE_LOOP_ANALYSIS = YES;
				CLANG_WARN_STRICT_PROTOTYPES = YES;
				CLANG_WARN_SUSPICIOUS_MOVE = YES;
				CLANG_WARN_UNGUARDED_AVAILABILITY = YES_AGGRESSIVE;
				CLANG_WARN_UNREACHABLE_CODE = YES;
				CLANG_WARN__DUPLICATE_METHOD_MATCH = YES;
				COPY_PHASE_STRIP = NO;
				DEBUG_INFORMATION_FORMAT = "dwarf-with-dsym";
				ENABLE_NS_ASSERTIONS = NO;
				ENABLE_STRICT_OBJC_MSGSEND = YES;
				GCC_C_LANGUAGE_STANDARD = gnu11;
				GCC_NO_COMMON_BLOCKS = YES;
				GCC_WARN_64_TO_32_BIT_CONVERSION = YES;
				GCC_WARN_ABOUT_RETURN_TYPE = YES_ERROR;
				GCC_WARN_UNDECLARED_SELECTOR = YES;
				GCC_WARN_UNINITIALIZED_AUTOS = YES_AGGRESSIVE;
				GCC_WARN_UNUSED_FUNCTION = YES;
				GCC_WARN_UNUSED_VARIABLE = YES;
				IPHONEOS_DEPLOYMENT_TARGET = 13.0;
				MTL_ENABLE_DEBUG_INFO = NO;
				MTL_FAST_MATH = YES;
				SDKROOT = iphoneos;
				SWIFT_COMPILATION_MODE = wholemodule;
				SWIFT_OPTIMIZATION_LEVEL = "-O";
				VALIDATE_PRODUCT = YES;
			};
			name = Release;
		};
		8F79D59E26AAA58E00004086 /* Debug */ = {
			isa = XCBuildConfiguration;
			buildSettings = {
				ASSETCATALOG_COMPILER_APPICON_NAME = AppIcon;
				ASSETCATALOG_COMPILER_GLOBAL_ACCENT_COLOR_NAME = AccentColor;
				CODE_SIGN_STYLE = Automatic;
				DEVELOPMENT_TEAM = SSGBNU5TXB;
				INFOPLIST_FILE = SampleCodeLayout/Info.plist;
				LD_RUNPATH_SEARCH_PATHS = (
					"$(inherited)",
					"@executable_path/Frameworks",
				);
				PRODUCT_BUNDLE_IDENTIFIER = kudpig.SampleCodeLayout;
				PRODUCT_NAME = "$(TARGET_NAME)";
				SWIFT_VERSION = 5.0;
				TARGETED_DEVICE_FAMILY = "1,2";
			};
			name = Debug;
		};
		8F79D59F26AAA58E00004086 /* Release */ = {
			isa = XCBuildConfiguration;
			buildSettings = {
				ASSETCATALOG_COMPILER_APPICON_NAME = AppIcon;
				ASSETCATALOG_COMPILER_GLOBAL_ACCENT_COLOR_NAME = AccentColor;
				CODE_SIGN_STYLE = Automatic;
				DEVELOPMENT_TEAM = SSGBNU5TXB;
				INFOPLIST_FILE = SampleCodeLayout/Info.plist;
				LD_RUNPATH_SEARCH_PATHS = (
					"$(inherited)",
					"@executable_path/Frameworks",
				);
				PRODUCT_BUNDLE_IDENTIFIER = kudpig.SampleCodeLayout;
				PRODUCT_NAME = "$(TARGET_NAME)";
				SWIFT_VERSION = 5.0;
				TARGETED_DEVICE_FAMILY = "1,2";
			};
			name = Release;
		};
/* End XCBuildConfiguration section */

/* Begin XCConfigurationList section */
		8F79D58426AAA58D00004086 /* Build configuration list for PBXProject "SampleCodeLayout" */ = {
			isa = XCConfigurationList;
			buildConfigurations = (
				8F79D59B26AAA58E00004086 /* Debug */,
				8F79D59C26AAA58E00004086 /* Release */,
			);
			defaultConfigurationIsVisible = 0;
			defaultConfigurationName = Release;
		};
		8F79D59D26AAA58E00004086 /* Build configuration list for PBXNativeTarget "SampleCodeLayout" */ = {
			isa = XCConfigurationList;
			buildConfigurations = (
				8F79D59E26AAA58E00004086 /* Debug */,
				8F79D59F26AAA58E00004086 /* Release */,
			);
			defaultConfigurationIsVisible = 0;
			defaultConfigurationName = Release;
		};
/* End XCConfigurationList section */
	};
	rootObject = 8F79D58126AAA58D00004086 /* Project object */;
}
